
Microsoft Visual Studio Solution File, Format Version 12.00
# Visual Studio Version 17
VisualStudioVersion = 17.0.32014.148
MinimumVisualStudioVersion = 10.0.40219.1
Project("{FAE04EC0-301F-11D3-BF4B-00C04F79EFBC}") = "مشروع اله حاسبه 1", "مشروع اله حاسبه 1\مشروع اله حاسبه 1.csproj", "{CCDAC5AC-05F5-4243-B455-7DDCE92B5975}"
EndProject
Global
	GlobalSection(SolutionConfigurationPlatforms) = preSolution
		Debug|Any CPU = Debug|Any CPU
		Release|Any CPU = Release|Any CPU
	EndGlobalSection
	GlobalSection(ProjectConfigurationPlatforms) = postSolution
		{CCDAC5AC-05F5-4243-B455-7DDCE92B5975}.Debug|Any CPU.ActiveCfg = Debug|Any CPU
		{CCDAC5AC-05F5-4243-B455-7DDCE92B5975}.Debug|Any CPU.Build.0 = Debug|Any CPU
		{CCDAC5AC-05F5-4243-B455-7DDCE92B5975}.Release|Any CPU.ActiveCfg = Release|Any CPU
		{CCDAC5AC-05F5-4243-B455-7DDCE92B5975}.Release|Any CPU.Build.0 = Release|Any CPU
	EndGlobalSection
	GlobalSection(SolutionProperties) = preSolution
		HideSolutionNode = FALSE
	EndGlobalSection
	GlobalSection(ExtensibilityGlobals) = postSolution
		SolutionGuid = {F791ED8B-1334-4350-AC7D-FF958827DB74}
	EndGlobalSection
EndGlobal
